
Microsoft Visual Studio Solution File, Format Version 12.00
# Visual Studio Version 17
VisualStudioVersion = 17.13.35818.85
MinimumVisualStudioVersion = 10.0.40219.1
Project("{FAE04EC0-301F-11D3-BF4B-00C04F79EFBC}") = "KPn", "KPn\KPn.csproj", "{C825FC88-2DE4-489F-BD88-FB957601B4AB}"
EndProject
Project("{54435603-DBB4-11D2-8724-00A0C9A8B90C}") = "Cknova", "Cknova\Cknova.vdproj", "{80AB711C-8A36-F534-6CC0-B645FA9DF547}"
EndProject
Global
	GlobalSection(SolutionConfigurationPlatforms) = preSolution
		Debug|Any CPU = Debug|Any CPU
		Release|Any CPU = Release|Any CPU
	EndGlobalSection
	GlobalSection(ProjectConfigurationPlatforms) = postSolution
		{C825FC88-2DE4-489F-BD88-FB957601B4AB}.Debug|Any CPU.ActiveCfg = Debug|Any CPU
		{C825FC88-2DE4-489F-BD88-FB957601B4AB}.Debug|Any CPU.Build.0 = Debug|Any CPU
		{C825FC88-2DE4-489F-BD88-FB957601B4AB}.Release|Any CPU.ActiveCfg = Release|Any CPU
		{C825FC88-2DE4-489F-BD88-FB957601B4AB}.Release|Any CPU.Build.0 = Release|Any CPU
		{80AB711C-8A36-F534-6CC0-B645FA9DF547}.Debug|Any CPU.ActiveCfg = Debug
		{80AB711C-8A36-F534-6CC0-B645FA9DF547}.Release|Any CPU.ActiveCfg = Release
		{80AB711C-8A36-F534-6CC0-B645FA9DF547}.Release|Any CPU.Build.0 = Release
	EndGlobalSection
	GlobalSection(SolutionProperties) = preSolution
		HideSolutionNode = FALSE
	EndGlobalSection
	GlobalSection(ExtensibilityGlobals) = postSolution
		SolutionGuid = {AC772DD8-F82B-4F54-978E-64EE0D74ED07}
	EndGlobalSection
EndGlobal
