
Microsoft Visual Studio Solution File, Format Version 12.00
# Visual Studio Version 17
VisualStudioVersion = 17.13.35818.85 d17.13
MinimumVisualStudioVersion = 10.0.40219.1
Project("{FAE04EC0-301F-11D3-BF4B-00C04F79EFBC}") = "KPn", "KPn\KPn.csproj", "{C825FC88-2DE4-489F-BD88-FB957601B4AB}"
EndProject
Global
	GlobalSection(SolutionConfigurationPlatforms) = preSolution
		Debug|Any CPU = Debug|Any CPU
		Release|Any CPU = Release|Any CPU
	EndGlobalSection
	GlobalSection(ProjectConfigurationPlatforms) = postSolution
		{C825FC88-2DE4-489F-BD88-FB957601B4AB}.Debug|Any CPU.ActiveCfg = Debug|Any CPU
		{C825FC88-2DE4-489F-BD88-FB957601B4AB}.Debug|Any CPU.Build.0 = Debug|Any CPU
		{C825FC88-2DE4-489F-BD88-FB957601B4AB}.Release|Any CPU.ActiveCfg = Release|Any CPU
		{C825FC88-2DE4-489F-BD88-FB957601B4AB}.Release|Any CPU.Build.0 = Release|Any CPU
	EndGlobalSection
	GlobalSection(SolutionProperties) = preSolution
		HideSolutionNode = FALSE
	EndGlobalSection
	GlobalSection(ExtensibilityGlobals) = postSolution
		SolutionGuid = {AC772DD8-F82B-4F54-978E-64EE0D74ED07}
	EndGlobalSection
EndGlobal
